// !$*UTF8*$!
{
	archiveVersion = 1;
	classes = {
	};
	objectVersion = 77;
	objects = {

/* Begin PBXBuildFile section */
		804A32002FE02408004B18C7 /* WorkoutTimer2026 Watch App.app in Embed Watch Content */ = {isa = PBXBuildFile; fileRef = 804A31FF2FE02408004B18C7 /* WorkoutTimer2026 Watch App.app */; settings = {ATTRIBUTES = (RemoveHeadersOnCopy, ); }; };
/* End PBXBuildFile section */

/* Begin PBXContainerItemProxy section */
		804A32012FE02408004B18C7 /* PBXContainerItemProxy */ = {
			isa = PBXContainerItemProxy;
			containerPortal = 804A31F32FE02407004B18C7 /* Project object */;
			proxyType = 1;
			remoteGlobalIDString = 804A31FE2FE02408004B18C7;
			remoteInfo = "WorkoutTimer2026 Watch App";
		};
		804A320F2FE02409004B18C7 /* PBXContainerItemProxy */ = {
			isa = PBXContainerItemProxy;
			containerPortal = 804A31F32FE02407004B18C7 /* Project object */;
			proxyType = 1;
			remoteGlobalIDString = 804A31FE2FE02408004B18C7;
			remoteInfo = "WorkoutTimer2026 Watch App";
		};
		804A32192FE02409004B18C7 /* PBXContainerItemProxy */ = {
			isa = PBXContainerItemProxy;
			containerPortal = 804A31F32FE02407004B18C7 /* Project object */;
			proxyType = 1;
			remoteGlobalIDString = 804A31FE2FE02408004B18C7;
			remoteInfo = "WorkoutTimer2026 Watch App";
		};
/* End PBXContainerItemProxy section */

/* Begin PBXCopyFilesBuildPhase section */
		804A32252FE02409004B18C7 /* Embed Watch Content */ = {
			isa = PBXCopyFilesBuildPhase;
			buildActionMask = 2147483647;
			dstPath = "$(CONTENTS_FOLDER_PATH)/Watch";
			dstSubfolderSpec = 16;
			files = (
				804A32002FE02408004B18C7 /* WorkoutTimer2026 Watch App.app in Embed Watch Content */,
			);
			name = "Embed Watch Content";
			runOnlyForDeploymentPostprocessing = 0;
		};
/* End PBXCopyFilesBuildPhase section */

/* Begin PBXFileReference section */
		804A31F92FE02408004B18C7 /* WorkoutTimer2026.app */ = {isa = PBXFileReference; explicitFileType = wrapper.application; includeInIndex = 0; path = WorkoutTimer2026.app; sourceTree = BUILT_PRODUCTS_DIR; };
		804A31FF2FE02408004B18C7 /* WorkoutTimer2026 Watch App.app */ = {isa = PBXFileReference; explicitFileType = wrapper.application; includeInIndex = 0; path = "WorkoutTimer2026 Watch App.app"; sourceTree = BUILT_PRODUCTS_DIR; };
		804A320E2FE02409004B18C7 /* WorkoutTimer2026 Watch AppTests.xctest */ = {isa = PBXFileReference; explicitFileType = wrapper.cfbundle; includeInIndex = 0; path = "WorkoutTimer2026 Watch AppTests.xctest"; sourceTree = BUILT_PRODUCTS_DIR; };
		804A32182FE02409004B18C7 /* WorkoutTimer2026 Watch AppUITests.xctest */ = {isa = PBXFileReference; explicitFileType = wrapper.cfbundle; includeInIndex = 0; path = "WorkoutTimer2026 Watch AppUITests.xctest"; sourceTree = BUILT_PRODUCTS_DIR; };
/* End PBXFileReference section */

/* Begin PBXFileSystemSynchronizedRootGroup section */
		804A32032FE02408004B18C7 /* WorkoutTimer2026 Watch App */ = {
			isa = PBXFileSystemSynchronizedRootGroup;
			path = "WorkoutTimer2026 Watch App";
			sourceTree = "<group>";
		};
		804A32112FE02409004B18C7 /* WorkoutTimer2026 Watch AppTests */ = {
			isa = PBXFileSystemSynchronizedRootGroup;
			path = "WorkoutTimer2026 Watch AppTests";
			sourceTree = "<group>";
		};
		804A321B2FE02409004B18C7 /* WorkoutTimer2026 Watch AppUITests */ = {
			isa = PBXFileSystemSynchronizedRootGroup;
			path = "WorkoutTimer2026 Watch AppUITests";
			sourceTree = "<group>";
		};
/* End PBXFileSystemSynchronizedRootGroup section */

/* Begin PBXFrameworksBuildPhase section */
		804A31FC2FE02408004B18C7 /* Frameworks */ = {
			isa = PBXFrameworksBuildPhase;
			buildActionMask = 2147483647;
			files = (
			);
			runOnlyForDeploymentPostprocessing = 0;
		};
		804A320B2FE02409004B18C7 /* Frameworks */ = {
			isa = PBXFrameworksBuildPhase;
			buildActionMask = 2147483647;
			files = (
			);
			runOnlyForDeploymentPostprocessing = 0;
		};
		804A32152FE02409004B18C7 /* Frameworks */ = {
			isa = PBXFrameworksBuildPhase;
			buildActionMask = 2147483647;
			files = (
			);
			runOnlyForDeploymentPostprocessing = 0;
		};
/* End PBXFrameworksBuildPhase section */

/* Begin PBXGroup section */
		804A31F22FE02407004B18C7 = {
			isa = PBXGroup;
			children = (
				804A32032FE02408004B18C7 /* WorkoutTimer2026 Watch App */,
				804A32112FE02409004B18C7 /* WorkoutTimer2026 Watch AppTests */,
				804A321B2FE02409004B18C7 /* WorkoutTimer2026 Watch AppUITests */,
				804A31FA2FE02408004B18C7 /* Products */,
			);
			sourceTree = "<group>";
		};
		804A31FA2FE02408004B18C7 /* Products */ = {
			isa = PBXGroup;
			children = (
				804A31F92FE02408004B18C7 /* WorkoutTimer2026.app */,
				804A31FF2FE02408004B18C7 /* WorkoutTimer2026 Watch App.app */,
				804A320E2FE02409004B18C7 /* WorkoutTimer2026 Watch AppTests.xctest */,
				804A32182FE02409004B18C7 /* WorkoutTimer2026 Watch AppUITests.xctest */,
			);
			name = Products;
			sourceTree = "<group>";
		};
/* End PBXGroup section */

/* Begin PBXNativeTarget section */
		804A31F82FE02408004B18C7 /* WorkoutTimer2026 */ = {
			isa = PBXNativeTarget;
			buildConfigurationList = 804A32262FE02409004B18C7 /* Build configuration list for PBXNativeTarget "WorkoutTimer2026" */;
			buildPhases = (
				804A31F72FE02408004B18C7 /* Resources */,
				804A32252FE02409004B18C7 /* Embed Watch Content */,
			);
			buildRules = (
			);
			dependencies = (
				804A32022FE02408004B18C7 /* PBXTargetDependency */,
			);
			name = WorkoutTimer2026;
			packageProductDependencies = (
			);
			productName = WorkoutTimer2026;
			productReference = 804A31F92FE02408004B18C7 /* WorkoutTimer2026.app */;
			productType = "com.apple.product-type.application.watchapp2-container";
		};
		804A31FE2FE02408004B18C7 /* WorkoutTimer2026 Watch App */ = {
			isa = PBXNativeTarget;
			buildConfigurationList = 804A32222FE02409004B18C7 /* Build configuration list for PBXNativeTarget "WorkoutTimer2026 Watch App" */;
			buildPhases = (
				804A31FB2FE02408004B18C7 /* Sources */,
				804A31FC2FE02408004B18C7 /* Frameworks */,
				804A31FD2FE02408004B18C7 /* Resources */,
			);
			buildRules = (
			);
			dependencies = (
			);
			fileSystemSynchronizedGroups = (
				804A32032FE02408004B18C7 /* WorkoutTimer2026 Watch App */,
			);
			name = "WorkoutTimer2026 Watch App";
			packageProductDependencies = (
			);
			productName = "WorkoutTimer2026 Watch App";
			productReference = 804A31FF2FE02408004B18C7 /* WorkoutTimer2026 Watch App.app */;
			productType = "com.apple.product-type.application";
		};
		804A320D2FE02409004B18C7 /* WorkoutTimer2026 Watch AppTests */ = {
			isa = PBXNativeTarget;
			buildConfigurationList = 804A32292FE02409004B18C7 /* Build configuration list for PBXNativeTarget "WorkoutTimer2026 Watch AppTests" */;
			buildPhases = (
				804A320A2FE02409004B18C7 /* Sources */,
				804A320B2FE02409004B18C7 /* Frameworks */,
				804A320C2FE02409004B18C7 /* Resources */,
			);
			buildRules = (
			);
			dependencies = (
				804A32102FE02409004B18C7 /* PBXTargetDependency */,
			);
			fileSystemSynchronizedGroups = (
				804A32112FE02409004B18C7 /* WorkoutTimer2026 Watch AppTests */,
			);
			name = "WorkoutTimer2026 Watch AppTests";
			packageProductDependencies = (
			);
			productName = "WorkoutTimer2026 Watch AppTests";
			productReference = 804A320E2FE02409004B18C7 /* WorkoutTimer2026 Watch AppTests.xctest */;
			productType = "com.apple.product-type.bundle.unit-test";
		};
		804A32172FE02409004B18C7 /* WorkoutTimer2026 Watch AppUITests */ = {
			isa = PBXNativeTarget;
			buildConfigurationList = 804A322C2FE02409004B18C7 /* Build configuration list for PBXNativeTarget "WorkoutTimer2026 Watch AppUITests" */;
			buildPhases = (
				804A32142FE02409004B18C7 /* Sources */,
				804A32152FE02409004B18C7 /* Frameworks */,
				804A32162FE02409004B18C7 /* Resources */,
			);
			buildRules = (
			);
			dependencies = (
				804A321A2FE02409004B18C7 /* PBXTargetDependency */,
			);
			fileSystemSynchronizedGroups = (
				804A321B2FE02409004B18C7 /* WorkoutTimer2026 Watch AppUITests */,
			);
			name = "WorkoutTimer2026 Watch AppUITests";
			packageProductDependencies = (
			);
			productName = "WorkoutTimer2026 Watch AppUITests";
			productReference = 804A32182FE02409004B18C7 /* WorkoutTimer2026 Watch AppUITests.xctest */;
			productType = "com.apple.product-type.bundle.ui-testing";
		};
/* End PBXNativeTarget section */

/* Begin PBXProject section */
		804A31F32FE02407004B18C7 /* Project object */ = {
			isa = PBXProject;
			attributes = {
				BuildIndependentTargetsInParallel = 1;
				LastSwiftUpdateCheck = 2650;
				LastUpgradeCheck = 2650;
				TargetAttributes = {
					804A31F82FE02408004B18C7 = {
						CreatedOnToolsVersion = 26.5;
					};
					804A31FE2FE02408004B18C7 = {
						CreatedOnToolsVersion = 26.5;
					};
					804A320D2FE02409004B18C7 = {
						CreatedOnToolsVersion = 26.5;
						TestTargetID = 804A31FE2FE02408004B18C7;
					};
					804A32172FE02409004B18C7 = {
						CreatedOnToolsVersion = 26.5;
						TestTargetID = 804A31FE2FE02408004B18C7;
					};
				};
			};
			buildConfigurationList = 804A31F62FE02407004B18C7 /* Build configuration list for PBXProject "WorkoutTimer2026" */;
			developmentRegion = en;
			hasScannedForEncodings = 0;
			knownRegions = (
				en,
				Base,
			);
			mainGroup = 804A31F22FE02407004B18C7;
			minimizedProjectReferenceProxies = 1;
			preferredProjectObjectVersion = 77;
			productRefGroup = 804A31FA2FE02408004B18C7 /* Products */;
			projectDirPath = "";
			projectRoot = "";
			targets = (
				804A31F82FE02408004B18C7 /* WorkoutTimer2026 */,
				804A31FE2FE02408004B18C7 /* WorkoutTimer2026 Watch App */,
				804A320D2FE02409004B18C7 /* WorkoutTimer2026 Watch AppTests */,
				804A32172FE02409004B18C7 /* WorkoutTimer2026 Watch AppUITests */,
			);
		};
/* End PBXProject section */

/* Begin PBXResourcesBuildPhase section */
		804A31F72FE02408004B18C7 /* Resources */ = {
			isa = PBXResourcesBuildPhase;
			buildActionMask = 2147483647;
			files = (
			);
			runOnlyForDeploymentPostprocessing = 0;
		};
		804A31FD2FE02408004B18C7 /* Resources */ = {
			isa = PBXResourcesBuildPhase;
			buildActionMask = 2147483647;
			files = (
			);
			runOnlyForDeploymentPostprocessing = 0;
		};
		804A320C2FE02409004B18C7 /* Resources */ = {
			isa = PBXResourcesBuildPhase;
			buildActionMask = 2147483647;
			files = (
			);
			runOnlyForDeploymentPostprocessing = 0;
		};
		804A32162FE02409004B18C7 /* Resources */ = {
			isa = PBXResourcesBuildPhase;
			buildActionMask = 2147483647;
			files = (
			);
			runOnlyForDeploymentPostprocessing = 0;
		};
/* End PBXResourcesBuildPhase section */

/* Begin PBXSourcesBuildPhase section */
		804A31FB2FE02408004B18C7 /* Sources */ = {
			isa = PBXSourcesBuildPhase;
			buildActionMask = 2147483647;
			files = (
			);
			runOnlyForDeploymentPostprocessing = 0;
		};
		804A320A2FE02409004B18C7 /* Sources */ = {
			isa = PBXSourcesBuildPhase;
			buildActionMask = 2147483647;
			files = (
			);
			runOnlyForDeploymentPostprocessing = 0;
		};
		804A32142FE02409004B18C7 /* Sources */ = {
			isa = PBXSourcesBuildPhase;
			buildActionMask = 2147483647;
			files = (
			);
			runOnlyForDeploymentPostprocessing = 0;
		};
/* End PBXSourcesBuildPhase section */

/* Begin PBXTargetDependency section */
		804A32022FE02408004B18C7 /* PBXTargetDependency */ = {
			isa = PBXTargetDependency;
			target = 804A31FE2FE02408004B18C7 /* WorkoutTimer2026 Watch App */;
			targetProxy = 804A32012FE02408004B18C7 /* PBXContainerItemProxy */;
		};
		804A32102FE02409004B18C7 /* PBXTargetDependency */ = {
			isa = PBXTargetDependency;
			target = 804A31FE2FE02408004B18C7 /* WorkoutTimer2026 Watch App */;
			targetProxy = 804A320F2FE02409004B18C7 /* PBXContainerItemProxy */;
		};
		804A321A2FE02409004B18C7 /* PBXTargetDependency */ = {
			isa = PBXTargetDependency;
			target = 804A31FE2FE02408004B18C7 /* WorkoutTimer2026 Watch App */;
			targetProxy = 804A32192FE02409004B18C7 /* PBXContainerItemProxy */;
		};
/* End PBXTargetDependency section */

/* Begin XCBuildConfiguration section */
		804A32202FE02409004B18C7 /* Debug */ = {
			isa = XCBuildConfiguration;
			buildSettings = {
				ALWAYS_SEARCH_USER_PATHS = NO;
				ASSETCATALOG_COMPILER_GENERATE_SWIFT_ASSET_SYMBOL_EXTENSIONS = YES;
				CLANG_ANALYZER_NONNULL = YES;
				CLANG_ANALYZER_NUMBER_OBJECT_CONVERSION = YES_AGGRESSIVE;
				CLANG_CXX_LANGUAGE_STANDARD = "gnu++20";
				CLANG_ENABLE_MODULES = YES;
				CLANG_ENABLE_OBJC_ARC = YES;
				CLANG_ENABLE_OBJC_WEAK = YES;
				CLANG_WARN_BLOCK_CAPTURE_AUTORELEASING = YES;
				CLANG_WARN_BOOL_CONVERSION = YES;
				CLANG_WARN_COMMA = YES;
				CLANG_WARN_CONSTANT_CONVERSION = YES;
				CLANG_WARN_DEPRECATED_OBJC_IMPLEMENTATIONS = YES;
				CLANG_WARN_DIRECT_OBJC_ISA_USAGE = YES_ERROR;
				CLANG_WARN_DOCUMENTATION_COMMENTS = YES;
				CLANG_WARN_EMPTY_BODY = YES;
				CLANG_WARN_ENUM_CONVERSION = YES;
				CLANG_WARN_INFINITE_RECURSION = YES;
				CLANG_WARN_INT_CONVERSION = YES;
				CLANG_WARN_NON_LITERAL_NULL_CONVERSION = YES;
				CLANG_WARN_OBJC_IMPLICIT_RETAIN_SELF = YES;
				CLANG_WARN_OBJC_LITERAL_CONVERSION = YES;
				CLANG_WARN_OBJC_ROOT_CLASS = YES_ERROR;
				CLANG_WARN_QUOTED_INCLUDE_IN_FRAMEWORK_HEADER = YES;
				CLANG_WARN_RANGE_LOOP_ANALYSIS = YES;
				CLANG_WARN_STRICT_PROTOTYPES = YES;
				CLANG_WARN_SUSPICIOUS_MOVE = YES;
				CLANG_WARN_UNGUARDED_AVAILABILITY = YES_AGGRESSIVE;
				CLANG_WARN_UNREACHABLE_CODE = YES;
				CLANG_WARN__DUPLICATE_METHOD_MATCH = YES;
				COPY_PHASE_STRIP = NO;
				DEBUG_INFORMATION_FORMAT = dwarf;
				ENABLE_STRICT_OBJC_MSGSEND = YES;
				ENABLE_TESTABILITY = YES;
				ENABLE_USER_SCRIPT_SANDBOXING = YES;
				GCC_C_LANGUAGE_STANDARD = gnu17;
				GCC_DYNAMIC_NO_PIC = NO;
				GCC_NO_COMMON_BLOCKS = YES;
				GCC_OPTIMIZATION_LEVEL = 0;
				GCC_PREPROCESSOR_DEFINITIONS = (
					"DEBUG=1",
					"$(inherited)",
				);
				GCC_WARN_64_TO_32_BIT_CONVERSION = YES;
				GCC_WARN_ABOUT_RETURN_TYPE = YES_ERROR;
				GCC_WARN_UNDECLARED_SELECTOR = YES;
				GCC_WARN_UNINITIALIZED_AUTOS = YES_AGGRESSIVE;
				GCC_WARN_UNUSED_FUNCTION = YES;
				GCC_WARN_UNUSED_VARIABLE = YES;
				LOCALIZATION_PREFERS_STRING_CATALOGS = YES;
				MTL_ENABLE_DEBUG_INFO = INCLUDE_SOURCE;
				MTL_FAST_MATH = YES;
				ONLY_ACTIVE_ARCH = YES;
				SWIFT_ACTIVE_COMPILATION_CONDITIONS = "DEBUG $(inherited)";
				SWIFT_OPTIMIZATION_LEVEL = "-Onone";
			};
			name = Debug;
		};
		804A32212FE02409004B18C7 /* Release */ = {
			isa = XCBuildConfiguration;
			buildSettings = {
				ALWAYS_SEARCH_USER_PATHS = NO;
				ASSETCATALOG_COMPILER_GENERATE_SWIFT_ASSET_SYMBOL_EXTENSIONS = YES;
				CLANG_ANALYZER_NONNULL = YES;
				CLANG_ANALYZER_NUMBER_OBJECT_CONVERSION = YES_AGGRESSIVE;
				CLANG_CXX_LANGUAGE_STANDARD = "gnu++20";
				CLANG_ENABLE_MODULES = YES;
				CLANG_ENABLE_OBJC_ARC = YES;
				CLANG_ENABLE_OBJC_WEAK = YES;
				CLANG_WARN_BLOCK_CAPTURE_AUTORELEASING = YES;
				CLANG_WARN_BOOL_CONVERSION = YES;
				CLANG_WARN_COMMA = YES;
				CLANG_WARN_CONSTANT_CONVERSION = YES;
				CLANG_WARN_DEPRECATED_OBJC_IMPLEMENTATIONS = YES;
				CLANG_WARN_DIRECT_OBJC_ISA_USAGE = YES_ERROR;
				CLANG_WARN_DOCUMENTATION_COMMENTS = YES;
				CLANG_WARN_EMPTY_BODY = YES;
				CLANG_WARN_ENUM_CONVERSION = YES;
				CLANG_WARN_INFINITE_RECURSION = YES;
				CLANG_WARN_INT_CONVERSION = YES;
				CLANG_WARN_NON_LITERAL_NULL_CONVERSION = YES;
				CLANG_WARN_OBJC_IMPLICIT_RETAIN_SELF = YES;
				CLANG_WARN_OBJC_LITERAL_CONVERSION = YES;
				CLANG_WARN_OBJC_ROOT_CLASS = YES_ERROR;
				CLANG_WARN_QUOTED_INCLUDE_IN_FRAMEWORK_HEADER = YES;
				CLANG_WARN_RANGE_LOOP_ANALYSIS = YES;
				CLANG_WARN_STRICT_PROTOTYPES = YES;
				CLANG_WARN_SUSPICIOUS_MOVE = YES;
				CLANG_WARN_UNGUARDED_AVAILABILITY = YES_AGGRESSIVE;
				CLANG_WARN_UNREACHABLE_CODE = YES;
				CLANG_WARN__DUPLICATE_METHOD_MATCH = YES;
				COPY_PHASE_STRIP = NO;
				DEBUG_INFORMATION_FORMAT = "dwarf-with-dsym";
				ENABLE_NS_ASSERTIONS = NO;
				ENABLE_STRICT_OBJC_MSGSEND = YES;
				ENABLE_USER_SCRIPT_SANDBOXING = YES;
				GCC_C_LANGUAGE_STANDARD = gnu17;
				GCC_NO_COMMON_BLOCKS = YES;
				GCC_WARN_64_TO_32_BIT_CONVERSION = YES;
				GCC_WARN_ABOUT_RETURN_TYPE = YES_ERROR;
				GCC_WARN_UNDECLARED_SELECTOR = YES;
				GCC_WARN_UNINITIALIZED_AUTOS = YES_AGGRESSIVE;
				GCC_WARN_UNUSED_FUNCTION = YES;
				GCC_WARN_UNUSED_VARIABLE = YES;
				LOCALIZATION_PREFERS_STRING_CATALOGS = YES;
				MTL_ENABLE_DEBUG_INFO = NO;
				MTL_FAST_MATH = YES;
				SWIFT_COMPILATION_MODE = wholemodule;
			};
			name = Release;
		};
		804A32232FE02409004B18C7 /* Debug */ = {
			isa = XCBuildConfiguration;
			buildSettings = {
				ASSETCATALOG_COMPILER_APPICON_NAME = AppIcon;
				ASSETCATALOG_COMPILER_GLOBAL_ACCENT_COLOR_NAME = AccentColor;
				CODE_SIGN_STYLE = Automatic;
				CURRENT_PROJECT_VERSION = 1;
				ENABLE_PREVIEWS = YES;
				GENERATE_INFOPLIST_FILE = YES;
				INFOPLIST_KEY_CFBundleDisplayName = WorkoutTimer2026;
				INFOPLIST_KEY_UISupportedInterfaceOrientations = "UIInterfaceOrientationPortrait UIInterfaceOrientationPortraitUpsideDown";
				INFOPLIST_KEY_WKWatchOnly = YES;
				LD_RUNPATH_SEARCH_PATHS = (
					"$(inherited)",
					"@executable_path/Frameworks",
				);
				MARKETING_VERSION = 1.0;
				PRODUCT_BUNDLE_IDENTIFIER = com.trios2026dej.WorkoutTimer2026.watchkitapp;
				PRODUCT_NAME = "$(TARGET_NAME)";
				SDKROOT = watchos;
				SKIP_INSTALL = YES;
				STRING_CATALOG_GENERATE_SYMBOLS = YES;
				SWIFT_APPROACHABLE_CONCURRENCY = YES;
				SWIFT_DEFAULT_ACTOR_ISOLATION = MainActor;
				SWIFT_EMIT_LOC_STRINGS = YES;
				SWIFT_UPCOMING_FEATURE_MEMBER_IMPORT_VISIBILITY = YES;
				SWIFT_VERSION = 5.0;
				TARGETED_DEVICE_FAMILY = 4;
				WATCHOS_DEPLOYMENT_TARGET = 26.5;
			};
			name = Debug;
		};
		804A32242FE02409004B18C7 /* Release */ = {
			isa = XCBuildConfiguration;
			buildSettings = {
				ASSETCATALOG_COMPILER_APPICON_NAME = AppIcon;
				ASSETCATALOG_COMPILER_GLOBAL_ACCENT_COLOR_NAME = AccentColor;
				CODE_SIGN_STYLE = Automatic;
				CURRENT_PROJECT_VERSION = 1;
				ENABLE_PREVIEWS = YES;
				GENERATE_INFOPLIST_FILE = YES;
				INFOPLIST_KEY_CFBundleDisplayName = WorkoutTimer2026;
				INFOPLIST_KEY_UISupportedInterfaceOrientations = "UIInterfaceOrientationPortrait UIInterfaceOrientationPortraitUpsideDown";
				INFOPLIST_KEY_WKWatchOnly = YES;
				LD_RUNPATH_SEARCH_PATHS = (
					"$(inherited)",
					"@executable_path/Frameworks",
				);
				MARKETING_VERSION = 1.0;
				PRODUCT_BUNDLE_IDENTIFIER = com.trios2026dej.WorkoutTimer2026.watchkitapp;
				PRODUCT_NAME = "$(TARGET_NAME)";
				SDKROOT = watchos;
				SKIP_INSTALL = YES;
				STRING_CATALOG_GENERATE_SYMBOLS = YES;
				SWIFT_APPROACHABLE_CONCURRENCY = YES;
				SWIFT_DEFAULT_ACTOR_ISOLATION = MainActor;
				SWIFT_EMIT_LOC_STRINGS = YES;
				SWIFT_UPCOMING_FEATURE_MEMBER_IMPORT_VISIBILITY = YES;
				SWIFT_VERSION = 5.0;
				TARGETED_DEVICE_FAMILY = 4;
				VALIDATE_PRODUCT = YES;
				WATCHOS_DEPLOYMENT_TARGET = 26.5;
			};
			name = Release;
		};
		804A32272FE02409004B18C7 /* Debug */ = {
			isa = XCBuildConfiguration;
			buildSettings = {
				CODE_SIGN_STYLE = Automatic;
				CURRENT_PROJECT_VERSION = 1;
				INFOPLIST_KEY_CFBundleDisplayName = WorkoutTimer2026;
				MARKETING_VERSION = 1.0;
				PRODUCT_BUNDLE_IDENTIFIER = com.trios2026dej.WorkoutTimer2026;
				PRODUCT_NAME = "$(TARGET_NAME)";
				SDKROOT = iphoneos;
				SWIFT_APPROACHABLE_CONCURRENCY = YES;
				SWIFT_UPCOMING_FEATURE_MEMBER_IMPORT_VISIBILITY = YES;
				SWIFT_VERSION = 5.0;
			};
			name = Debug;
		};
		804A32282FE02409004B18C7 /* Release */ = {
			isa = XCBuildConfiguration;
			buildSettings = {
				CODE_SIGN_STYLE = Automatic;
				CURRENT_PROJECT_VERSION = 1;
				INFOPLIST_KEY_CFBundleDisplayName = WorkoutTimer2026;
				MARKETING_VERSION = 1.0;
				PRODUCT_BUNDLE_IDENTIFIER = com.trios2026dej.WorkoutTimer2026;
				PRODUCT_NAME = "$(TARGET_NAME)";
				SDKROOT = iphoneos;
				SWIFT_APPROACHABLE_CONCURRENCY = YES;
				SWIFT_UPCOMING_FEATURE_MEMBER_IMPORT_VISIBILITY = YES;
				SWIFT_VERSION = 5.0;
				VALIDATE_PRODUCT = YES;
			};
			name = Release;
		};
		804A322A2FE02409004B18C7 /* Debug */ = {
			isa = XCBuildConfiguration;
			buildSettings = {
				BUNDLE_LOADER = "$(TEST_HOST)";
				CODE_SIGN_STYLE = Automatic;
				CURRENT_PROJECT_VERSION = 1;
				GENERATE_INFOPLIST_FILE = YES;
				MARKETING_VERSION = 1.0;
				PRODUCT_BUNDLE_IDENTIFIER = "com.trios2026dej.WorkoutTimer2026-Watch-AppTests";
				PRODUCT_NAME = "$(TARGET_NAME)";
				SDKROOT = watchos;
				STRING_CATALOG_GENERATE_SYMBOLS = NO;
				SWIFT_APPROACHABLE_CONCURRENCY = YES;
				SWIFT_EMIT_LOC_STRINGS = NO;
				SWIFT_UPCOMING_FEATURE_MEMBER_IMPORT_VISIBILITY = YES;
				SWIFT_VERSION = 5.0;
				TARGETED_DEVICE_FAMILY = 4;
				TEST_HOST = "$(BUILT_PRODUCTS_DIR)/WorkoutTimer2026 Watch App.app/$(BUNDLE_EXECUTABLE_FOLDER_PATH)/WorkoutTimer2026 Watch App";
				WATCHOS_DEPLOYMENT_TARGET = 26.5;
			};
			name = Debug;
		};
		804A322B2FE02409004B18C7 /* Release */ = {
			isa = XCBuildConfiguration;
			buildSettings = {
				BUNDLE_LOADER = "$(TEST_HOST)";
				CODE_SIGN_STYLE = Automatic;
				CURRENT_PROJECT_VERSION = 1;
				GENERATE_INFOPLIST_FILE = YES;
				MARKETING_VERSION = 1.0;
				PRODUCT_BUNDLE_IDENTIFIER = "com.trios2026dej.WorkoutTimer2026-Watch-AppTests";
				PRODUCT_NAME = "$(TARGET_NAME)";
				SDKROOT = watchos;
				STRING_CATALOG_GENERATE_SYMBOLS = NO;
				SWIFT_APPROACHABLE_CONCURRENCY = YES;
				SWIFT_EMIT_LOC_STRINGS = NO;
				SWIFT_UPCOMING_FEATURE_MEMBER_IMPORT_VISIBILITY = YES;
				SWIFT_VERSION = 5.0;
				TARGETED_DEVICE_FAMILY = 4;
				TEST_HOST = "$(BUILT_PRODUCTS_DIR)/WorkoutTimer2026 Watch App.app/$(BUNDLE_EXECUTABLE_FOLDER_PATH)/WorkoutTimer2026 Watch App";
				VALIDATE_PRODUCT = YES;
				WATCHOS_DEPLOYMENT_TARGET = 26.5;
			};
			name = Release;
		};
		804A322D2FE02409004B18C7 /* Debug */ = {
			isa = XCBuildConfiguration;
			buildSettings = {
				CODE_SIGN_STYLE = Automatic;
				CURRENT_PROJECT_VERSION = 1;
				GENERATE_INFOPLIST_FILE = YES;
				MARKETING_VERSION = 1.0;
				PRODUCT_BUNDLE_IDENTIFIER = "com.trios2026dej.WorkoutTimer2026-Watch-AppUITests";
				PRODUCT_NAME = "$(TARGET_NAME)";
				SDKROOT = watchos;
				STRING_CATALOG_GENERATE_SYMBOLS = NO;
				SWIFT_APPROACHABLE_CONCURRENCY = YES;
				SWIFT_EMIT_LOC_STRINGS = NO;
				SWIFT_UPCOMING_FEATURE_MEMBER_IMPORT_VISIBILITY = YES;
				SWIFT_VERSION = 5.0;
				TARGETED_DEVICE_FAMILY = 4;
				TEST_TARGET_NAME = "WorkoutTimer2026 Watch App";
				WATCHOS_DEPLOYMENT_TARGET = 26.5;
			};
			name = Debug;
		};
		804A322E2FE02409004B18C7 /* Release */ = {
			isa = XCBuildConfiguration;
			buildSettings = {
				CODE_SIGN_STYLE = Automatic;
				CURRENT_PROJECT_VERSION = 1;
				GENERATE_INFOPLIST_FILE = YES;
				MARKETING_VERSION = 1.0;
				PRODUCT_BUNDLE_IDENTIFIER = "com.trios2026dej.WorkoutTimer2026-Watch-AppUITests";
				PRODUCT_NAME = "$(TARGET_NAME)";
				SDKROOT = watchos;
				STRING_CATALOG_GENERATE_SYMBOLS = NO;
				SWIFT_APPROACHABLE_CONCURRENCY = YES;
				SWIFT_EMIT_LOC_STRINGS = NO;
				SWIFT_UPCOMING_FEATURE_MEMBER_IMPORT_VISIBILITY = YES;
				SWIFT_VERSION = 5.0;
				TARGETED_DEVICE_FAMILY = 4;
				TEST_TARGET_NAME = "WorkoutTimer2026 Watch App";
				VALIDATE_PRODUCT = YES;
				WATCHOS_DEPLOYMENT_TARGET = 26.5;
			};
			name = Release;
		};
/* End XCBuildConfiguration section */

/* Begin XCConfigurationList section */
		804A31F62FE02407004B18C7 /* Build configuration list for PBXProject "WorkoutTimer2026" */ = {
			isa = XCConfigurationList;
			buildConfigurations = (
				804A32202FE02409004B18C7 /* Debug */,
				804A32212FE02409004B18C7 /* Release */,
			);
			defaultConfigurationIsVisible = 0;
			defaultConfigurationName = Release;
		};
		804A32222FE02409004B18C7 /* Build configuration list for PBXNativeTarget "WorkoutTimer2026 Watch App" */ = {
			isa = XCConfigurationList;
			buildConfigurations = (
				804A32232FE02409004B18C7 /* Debug */,
				804A32242FE02409004B18C7 /* Release */,
			);
			defaultConfigurationIsVisible = 0;
			defaultConfigurationName = Release;
		};
		804A32262FE02409004B18C7 /* Build configuration list for PBXNativeTarget "WorkoutTimer2026" */ = {
			isa = XCConfigurationList;
			buildConfigurations = (
				804A32272FE02409004B18C7 /* Debug */,
				804A32282FE02409004B18C7 /* Release */,
			);
			defaultConfigurationIsVisible = 0;
			defaultConfigurationName = Release;
		};
		804A32292FE02409004B18C7 /* Build configuration list for PBXNativeTarget "WorkoutTimer2026 Watch AppTests" */ = {
			isa = XCConfigurationList;
			buildConfigurations = (
				804A322A2FE02409004B18C7 /* Debug */,
				804A322B2FE02409004B18C7 /* Release */,
			);
			defaultConfigurationIsVisible = 0;
			defaultConfigurationName = Release;
		};
		804A322C2FE02409004B18C7 /* Build configuration list for PBXNativeTarget "WorkoutTimer2026 Watch AppUITests" */ = {
			isa = XCConfigurationList;
			buildConfigurations = (
				804A322D2FE02409004B18C7 /* Debug */,
				804A322E2FE02409004B18C7 /* Release */,
			);
			defaultConfigurationIsVisible = 0;
			defaultConfigurationName = Release;
		};
/* End XCConfigurationList section */
	};
	rootObject = 804A31F32FE02407004B18C7 /* Project object */;
}
